
Microsoft Visual Studio Solution File, Format Version 12.00
# Visual Studio Version 17
VisualStudioVersion = 17.2.32630.192
MinimumVisualStudioVersion = 10.0.40219.1
Project("{2150E333-8FDC-42A3-9474-1A3956D46DE8}") = "array_hashing", "array_hashing", "{924C9BA7-D630-4EF8-8F2B-2986392ADABD}"
EndProject
Project("{FAE04EC0-301F-11D3-BF4B-00C04F79EFBC}") = "LeetCodeProblems.TwoSum", "array_hashing\LeetCodeProblems.TwoSum\LeetCodeProblems.TwoSum.csproj", "{FCE06B61-2604-44ED-A2CB-1EAD456B2C4E}"
EndProject
Project("{FAE04EC0-301F-11D3-BF4B-00C04F79EFBC}") = "LeetCodeProblems.ContainsDuplicate", "array_hashing\LeetCodeProblems.ContainsDuplicate\LeetCodeProblems.ContainsDuplicate.csproj", "{E869F193-2960-40AD-9D1E-ED576DAE8436}"
EndProject
Global
	GlobalSection(SolutionConfigurationPlatforms) = preSolution
		Debug|Any CPU = Debug|Any CPU
		Release|Any CPU = Release|Any CPU
	EndGlobalSection
	GlobalSection(ProjectConfigurationPlatforms) = postSolution
		{FCE06B61-2604-44ED-A2CB-1EAD456B2C4E}.Debug|Any CPU.ActiveCfg = Debug|Any CPU
		{FCE06B61-2604-44ED-A2CB-1EAD456B2C4E}.Debug|Any CPU.Build.0 = Debug|Any CPU
		{FCE06B61-2604-44ED-A2CB-1EAD456B2C4E}.Release|Any CPU.ActiveCfg = Release|Any CPU
		{FCE06B61-2604-44ED-A2CB-1EAD456B2C4E}.Release|Any CPU.Build.0 = Release|Any CPU
		{E869F193-2960-40AD-9D1E-ED576DAE8436}.Debug|Any CPU.ActiveCfg = Debug|Any CPU
		{E869F193-2960-40AD-9D1E-ED576DAE8436}.Debug|Any CPU.Build.0 = Debug|Any CPU
		{E869F193-2960-40AD-9D1E-ED576DAE8436}.Release|Any CPU.ActiveCfg = Release|Any CPU
		{E869F193-2960-40AD-9D1E-ED576DAE8436}.Release|Any CPU.Build.0 = Release|Any CPU
	EndGlobalSection
	GlobalSection(SolutionProperties) = preSolution
		HideSolutionNode = FALSE
	EndGlobalSection
	GlobalSection(NestedProjects) = preSolution
		{FCE06B61-2604-44ED-A2CB-1EAD456B2C4E} = {924C9BA7-D630-4EF8-8F2B-2986392ADABD}
		{E869F193-2960-40AD-9D1E-ED576DAE8436} = {924C9BA7-D630-4EF8-8F2B-2986392ADABD}
	EndGlobalSection
	GlobalSection(ExtensibilityGlobals) = postSolution
		SolutionGuid = {4F81AEEB-DA98-42E6-8B18-30E7A0943085}
	EndGlobalSection
EndGlobal
